
Microsoft Visual Studio Solution File, Format Version 12.00
# Visual Studio 15
VisualStudioVersion = 15.0.27130.2027
MinimumVisualStudioVersion = 10.0.40219.1
Project("{FAE04EC0-301F-11D3-BF4B-00C04F79EFBC}") = "ShoppingListLes3", "ShoppingListLes3\ShoppingListLes3.csproj", "{4C8730FB-D309-49A1-8554-D823FEBC3438}"
EndProject
Global
	GlobalSection(SolutionConfigurationPlatforms) = preSolution
		Debug|Any CPU = Debug|Any CPU
		Release|Any CPU = Release|Any CPU
	EndGlobalSection
	GlobalSection(ProjectConfigurationPlatforms) = postSolution
		{4C8730FB-D309-49A1-8554-D823FEBC3438}.Debug|Any CPU.ActiveCfg = Debug|Any CPU
		{4C8730FB-D309-49A1-8554-D823FEBC3438}.Debug|Any CPU.Build.0 = Debug|Any CPU
		{4C8730FB-D309-49A1-8554-D823FEBC3438}.Release|Any CPU.ActiveCfg = Release|Any CPU
		{4C8730FB-D309-49A1-8554-D823FEBC3438}.Release|Any CPU.Build.0 = Release|Any CPU
	EndGlobalSection
	GlobalSection(SolutionProperties) = preSolution
		HideSolutionNode = FALSE
	EndGlobalSection
	GlobalSection(ExtensibilityGlobals) = postSolution
		SolutionGuid = {412D68F5-CB07-46FC-B2D4-50D086804D70}
	EndGlobalSection
EndGlobal
